// !$*UTF8*$!
{
	archiveVersion = 1;
	classes = {
	};
	objectVersion = 56;
	objects = {

/* Begin PBXBuildFile section */
		C78875FA2A18B9AD002282DE /* AppDelegate.swift in Sources */ = {isa = PBXBuildFile; fileRef = C78875F92A18B9AD002282DE /* AppDelegate.swift */; };
		C78875FC2A18B9AD002282DE /* SceneDelegate.swift in Sources */ = {isa = PBXBuildFile; fileRef = C78875FB2A18B9AD002282DE /* SceneDelegate.swift */; };
		C78875FE2A18B9AD002282DE /* TabbarController.swift in Sources */ = {isa = PBXBuildFile; fileRef = C78875FD2A18B9AD002282DE /* TabbarController.swift */; };
		C78876032A18B9AE002282DE /* Assets.xcassets in Resources */ = {isa = PBXBuildFile; fileRef = C78876022A18B9AE002282DE /* Assets.xcassets */; };
		C78876062A18B9AE002282DE /* LaunchScreen.storyboard in Resources */ = {isa = PBXBuildFile; fileRef = C78876042A18B9AE002282DE /* LaunchScreen.storyboard */; };
		C788760F2A18C3BC002282DE /* SnapKit in Frameworks */ = {isa = PBXBuildFile; productRef = C788760E2A18C3BC002282DE /* SnapKit */; };
		C78876122A18C3DA002282DE /* Alamofire in Frameworks */ = {isa = PBXBuildFile; productRef = C78876112A18C3DA002282DE /* Alamofire */; };
		C78876152A18DE2D002282DE /* TranslateViewcontroller.swift in Sources */ = {isa = PBXBuildFile; fileRef = C78876142A18DE2D002282DE /* TranslateViewcontroller.swift */; };
		C78876172A18E71E002282DE /* UIcolor+.swift in Sources */ = {isa = PBXBuildFile; fileRef = C78876162A18E71E002282DE /* UIcolor+.swift */; };
		C7ABBE0F2A1A13B2002ED3CF /* SourceTextViewController.swift in Sources */ = {isa = PBXBuildFile; fileRef = C7ABBE0E2A1A13B2002ED3CF /* SourceTextViewController.swift */; };
		C7ABBE112A1B01D9002ED3CF /* Lanaguage.swift in Sources */ = {isa = PBXBuildFile; fileRef = C7ABBE102A1B01D9002ED3CF /* Lanaguage.swift */; };
		C7ABBE132A1B170C002ED3CF /* BookMark.swift in Sources */ = {isa = PBXBuildFile; fileRef = C7ABBE122A1B170C002ED3CF /* BookMark.swift */; };
		C7ABBE152A1B1938002ED3CF /* UserDefaults+.swift in Sources */ = {isa = PBXBuildFile; fileRef = C7ABBE142A1B1938002ED3CF /* UserDefaults+.swift */; };
/* End PBXBuildFile section */

/* Begin PBXFileReference section */
		C78875F62A18B9AD002282DE /* translatorUIkitClone.app */ = {isa = PBXFileReference; explicitFileType = wrapper.application; includeInIndex = 0; path = translatorUIkitClone.app; sourceTree = BUILT_PRODUCTS_DIR; };
		C78875F92A18B9AD002282DE /* AppDelegate.swift */ = {isa = PBXFileReference; lastKnownFileType = sourcecode.swift; path = AppDelegate.swift; sourceTree = "<group>"; };
		C78875FB2A18B9AD002282DE /* SceneDelegate.swift */ = {isa = PBXFileReference; lastKnownFileType = sourcecode.swift; path = SceneDelegate.swift; sourceTree = "<group>"; };
		C78875FD2A18B9AD002282DE /* TabbarController.swift */ = {isa = PBXFileReference; lastKnownFileType = sourcecode.swift; path = TabbarController.swift; sourceTree = "<group>"; };
		C78876022A18B9AE002282DE /* Assets.xcassets */ = {isa = PBXFileReference; lastKnownFileType = folder.assetcatalog; path = Assets.xcassets; sourceTree = "<group>"; };
		C78876052A18B9AE002282DE /* Base */ = {isa = PBXFileReference; lastKnownFileType = file.storyboard; name = Base; path = Base.lproj/LaunchScreen.storyboard; sourceTree = "<group>"; };
		C78876072A18B9AE002282DE /* Info.plist */ = {isa = PBXFileReference; lastKnownFileType = text.plist.xml; path = Info.plist; sourceTree = "<group>"; };
		C78876142A18DE2D002282DE /* TranslateViewcontroller.swift */ = {isa = PBXFileReference; lastKnownFileType = sourcecode.swift; path = TranslateViewcontroller.swift; sourceTree = "<group>"; };
		C78876162A18E71E002282DE /* UIcolor+.swift */ = {isa = PBXFileReference; lastKnownFileType = sourcecode.swift; path = "UIcolor+.swift"; sourceTree = "<group>"; };
		C7ABBE0E2A1A13B2002ED3CF /* SourceTextViewController.swift */ = {isa = PBXFileReference; lastKnownFileType = sourcecode.swift; path = SourceTextViewController.swift; sourceTree = "<group>"; };
		C7ABBE102A1B01D9002ED3CF /* Lanaguage.swift */ = {isa = PBXFileReference; lastKnownFileType = sourcecode.swift; path = Lanaguage.swift; sourceTree = "<group>"; };
		C7ABBE122A1B170C002ED3CF /* BookMark.swift */ = {isa = PBXFileReference; lastKnownFileType = sourcecode.swift; path = BookMark.swift; sourceTree = "<group>"; };
		C7ABBE142A1B1938002ED3CF /* UserDefaults+.swift */ = {isa = PBXFileReference; lastKnownFileType = sourcecode.swift; path = "UserDefaults+.swift"; sourceTree = "<group>"; };
/* End PBXFileReference section */

/* Begin PBXFrameworksBuildPhase section */
		C78875F32A18B9AD002282DE /* Frameworks */ = {
			isa = PBXFrameworksBuildPhase;
			buildActionMask = 2147483647;
			files = (
				C788760F2A18C3BC002282DE /* SnapKit in Frameworks */,
				C78876122A18C3DA002282DE /* Alamofire in Frameworks */,
			);
			runOnlyForDeploymentPostprocessing = 0;
		};
/* End PBXFrameworksBuildPhase section */

/* Begin PBXGroup section */
		C78875ED2A18B9AD002282DE = {
			isa = PBXGroup;
			children = (
				C78875F82A18B9AD002282DE /* translatorUIkitClone */,
				C78875F72A18B9AD002282DE /* Products */,
			);
			sourceTree = "<group>";
		};
		C78875F72A18B9AD002282DE /* Products */ = {
			isa = PBXGroup;
			children = (
				C78875F62A18B9AD002282DE /* translatorUIkitClone.app */,
			);
			name = Products;
			sourceTree = "<group>";
		};
		C78875F82A18B9AD002282DE /* translatorUIkitClone */ = {
			isa = PBXGroup;
			children = (
				C78875F92A18B9AD002282DE /* AppDelegate.swift */,
				C78875FB2A18B9AD002282DE /* SceneDelegate.swift */,
				C78876132A18DE17002282DE /* scenes */,
				C78876022A18B9AE002282DE /* Assets.xcassets */,
				C78876042A18B9AE002282DE /* LaunchScreen.storyboard */,
				C7ABBE102A1B01D9002ED3CF /* Lanaguage.swift */,
				C7ABBE122A1B170C002ED3CF /* BookMark.swift */,
				C78876072A18B9AE002282DE /* Info.plist */,
				C78876162A18E71E002282DE /* UIcolor+.swift */,
				C7ABBE142A1B1938002ED3CF /* UserDefaults+.swift */,
			);
			path = translatorUIkitClone;
			sourceTree = "<group>";
		};
		C78876132A18DE17002282DE /* scenes */ = {
			isa = PBXGroup;
			children = (
				C78875FD2A18B9AD002282DE /* TabbarController.swift */,
				C78876142A18DE2D002282DE /* TranslateViewcontroller.swift */,
				C7ABBE0E2A1A13B2002ED3CF /* SourceTextViewController.swift */,
			);
			path = scenes;
			sourceTree = "<group>";
		};
/* End PBXGroup section */

/* Begin PBXNativeTarget section */
		C78875F52A18B9AD002282DE /* translatorUIkitClone */ = {
			isa = PBXNativeTarget;
			buildConfigurationList = C788760A2A18B9AE002282DE /* Build configuration list for PBXNativeTarget "translatorUIkitClone" */;
			buildPhases = (
				C78875F22A18B9AD002282DE /* Sources */,
				C78875F32A18B9AD002282DE /* Frameworks */,
				C78875F42A18B9AD002282DE /* Resources */,
			);
			buildRules = (
			);
			dependencies = (
			);
			name = translatorUIkitClone;
			packageProductDependencies = (
				C788760E2A18C3BC002282DE /* SnapKit */,
				C78876112A18C3DA002282DE /* Alamofire */,
			);
			productName = translatorUIkitClone;
			productReference = C78875F62A18B9AD002282DE /* translatorUIkitClone.app */;
			productType = "com.apple.product-type.application";
		};
/* End PBXNativeTarget section */

/* Begin PBXProject section */
		C78875EE2A18B9AD002282DE /* Project object */ = {
			isa = PBXProject;
			attributes = {
				BuildIndependentTargetsInParallel = 1;
				LastSwiftUpdateCheck = 1430;
				LastUpgradeCheck = 1430;
				TargetAttributes = {
					C78875F52A18B9AD002282DE = {
						CreatedOnToolsVersion = 14.3;
					};
				};
			};
			buildConfigurationList = C78875F12A18B9AD002282DE /* Build configuration list for PBXProject "translatorUIkitClone" */;
			compatibilityVersion = "Xcode 14.0";
			developmentRegion = en;
			hasScannedForEncodings = 0;
			knownRegions = (
				en,
				Base,
			);
			mainGroup = C78875ED2A18B9AD002282DE;
			packageReferences = (
				C788760D2A18C3BC002282DE /* XCRemoteSwiftPackageReference "SnapKit" */,
				C78876102A18C3DA002282DE /* XCRemoteSwiftPackageReference "Alamofire" */,
			);
			productRefGroup = C78875F72A18B9AD002282DE /* Products */;
			projectDirPath = "";
			projectRoot = "";
			targets = (
				C78875F52A18B9AD002282DE /* translatorUIkitClone */,
			);
		};
/* End PBXProject section */

/* Begin PBXResourcesBuildPhase section */
		C78875F42A18B9AD002282DE /* Resources */ = {
			isa = PBXResourcesBuildPhase;
			buildActionMask = 2147483647;
			files = (
				C78876062A18B9AE002282DE /* LaunchScreen.storyboard in Resources */,
				C78876032A18B9AE002282DE /* Assets.xcassets in Resources */,
			);
			runOnlyForDeploymentPostprocessing = 0;
		};
/* End PBXResourcesBuildPhase section */

/* Begin PBXSourcesBuildPhase section */
		C78875F22A18B9AD002282DE /* Sources */ = {
			isa = PBXSourcesBuildPhase;
			buildActionMask = 2147483647;
			files = (
				C78875FE2A18B9AD002282DE /* TabbarController.swift in Sources */,
				C7ABBE152A1B1938002ED3CF /* UserDefaults+.swift in Sources */,
				C78876152A18DE2D002282DE /* TranslateViewcontroller.swift in Sources */,
				C7ABBE112A1B01D9002ED3CF /* Lanaguage.swift in Sources */,
				C7ABBE0F2A1A13B2002ED3CF /* SourceTextViewController.swift in Sources */,
				C78876172A18E71E002282DE /* UIcolor+.swift in Sources */,
				C78875FA2A18B9AD002282DE /* AppDelegate.swift in Sources */,
				C78875FC2A18B9AD002282DE /* SceneDelegate.swift in Sources */,
				C7ABBE132A1B170C002ED3CF /* BookMark.swift in Sources */,
			);
			runOnlyForDeploymentPostprocessing = 0;
		};
/* End PBXSourcesBuildPhase section */

/* Begin PBXVariantGroup section */
		C78876042A18B9AE002282DE /* LaunchScreen.storyboard */ = {
			isa = PBXVariantGroup;
			children = (
				C78876052A18B9AE002282DE /* Base */,
			);
			name = LaunchScreen.storyboard;
			sourceTree = "<group>";
		};
/* End PBXVariantGroup section */

/* Begin XCBuildConfiguration section */
		C78876082A18B9AE002282DE /* Debug */ = {
			isa = XCBuildConfiguration;
			buildSettings = {
				ALWAYS_SEARCH_USER_PATHS = NO;
				CLANG_ANALYZER_NONNULL = YES;
				CLANG_ANALYZER_NUMBER_OBJECT_CONVERSION = YES_AGGRESSIVE;
				CLANG_CXX_LANGUAGE_STANDARD = "gnu++20";
				CLANG_ENABLE_MODULES = YES;
				CLANG_ENABLE_OBJC_ARC = YES;
				CLANG_ENABLE_OBJC_WEAK = YES;
				CLANG_WARN_BLOCK_CAPTURE_AUTORELEASING = YES;
				CLANG_WARN_BOOL_CONVERSION = YES;
				CLANG_WARN_COMMA = YES;
				CLANG_WARN_CONSTANT_CONVERSION = YES;
				CLANG_WARN_DEPRECATED_OBJC_IMPLEMENTATIONS = YES;
				CLANG_WARN_DIRECT_OBJC_ISA_USAGE = YES_ERROR;
				CLANG_WARN_DOCUMENTATION_COMMENTS = YES;
				CLANG_WARN_EMPTY_BODY = YES;
				CLANG_WARN_ENUM_CONVERSION = YES;
				CLANG_WARN_INFINITE_RECURSION = YES;
				CLANG_WARN_INT_CONVERSION = YES;
				CLANG_WARN_NON_LITERAL_NULL_CONVERSION = YES;
				CLANG_WARN_OBJC_IMPLICIT_RETAIN_SELF = YES;
				CLANG_WARN_OBJC_LITERAL_CONVERSION = YES;
				CLANG_WARN_OBJC_ROOT_CLASS = YES_ERROR;
				CLANG_WARN_QUOTED_INCLUDE_IN_FRAMEWORK_HEADER = YES;
				CLANG_WARN_RANGE_LOOP_ANALYSIS = YES;
				CLANG_WARN_STRICT_PROTOTYPES = YES;
				CLANG_WARN_SUSPICIOUS_MOVE = YES;
				CLANG_WARN_UNGUARDED_AVAILABILITY = YES_AGGRESSIVE;
				CLANG_WARN_UNREACHABLE_CODE = YES;
				CLANG_WARN__DUPLICATE_METHOD_MATCH = YES;
				COPY_PHASE_STRIP = NO;
				DEBUG_INFORMATION_FORMAT = dwarf;
				ENABLE_STRICT_OBJC_MSGSEND = YES;
				ENABLE_TESTABILITY = YES;
				GCC_C_LANGUAGE_STANDARD = gnu11;
				GCC_DYNAMIC_NO_PIC = NO;
				GCC_NO_COMMON_BLOCKS = YES;
				GCC_OPTIMIZATION_LEVEL = 0;
				GCC_PREPROCESSOR_DEFINITIONS = (
					"DEBUG=1",
					"$(inherited)",
				);
				GCC_WARN_64_TO_32_BIT_CONVERSION = YES;
				GCC_WARN_ABOUT_RETURN_TYPE = YES_ERROR;
				GCC_WARN_UNDECLARED_SELECTOR = YES;
				GCC_WARN_UNINITIALIZED_AUTOS = YES_AGGRESSIVE;
				GCC_WARN_UNUSED_FUNCTION = YES;
				GCC_WARN_UNUSED_VARIABLE = YES;
				IPHONEOS_DEPLOYMENT_TARGET = 16.4;
				MTL_ENABLE_DEBUG_INFO = INCLUDE_SOURCE;
				MTL_FAST_MATH = YES;
				ONLY_ACTIVE_ARCH = YES;
				SDKROOT = iphoneos;
				SWIFT_ACTIVE_COMPILATION_CONDITIONS = DEBUG;
				SWIFT_OPTIMIZATION_LEVEL = "-Onone";
			};
			name = Debug;
		};
		C78876092A18B9AE002282DE /* Release */ = {
			isa = XCBuildConfiguration;
			buildSettings = {
				ALWAYS_SEARCH_USER_PATHS = NO;
				CLANG_ANALYZER_NONNULL = YES;
				CLANG_ANALYZER_NUMBER_OBJECT_CONVERSION = YES_AGGRESSIVE;
				CLANG_CXX_LANGUAGE_STANDARD = "gnu++20";
				CLANG_ENABLE_MODULES = YES;
				CLANG_ENABLE_OBJC_ARC = YES;
				CLANG_ENABLE_OBJC_WEAK = YES;
				CLANG_WARN_BLOCK_CAPTURE_AUTORELEASING = YES;
				CLANG_WARN_BOOL_CONVERSION = YES;
				CLANG_WARN_COMMA = YES;
				CLANG_WARN_CONSTANT_CONVERSION = YES;
				CLANG_WARN_DEPRECATED_OBJC_IMPLEMENTATIONS = YES;
				CLANG_WARN_DIRECT_OBJC_ISA_USAGE = YES_ERROR;
				CLANG_WARN_DOCUMENTATION_COMMENTS = YES;
				CLANG_WARN_EMPTY_BODY = YES;
				CLANG_WARN_ENUM_CONVERSION = YES;
				CLANG_WARN_INFINITE_RECURSION = YES;
				CLANG_WARN_INT_CONVERSION = YES;
				CLANG_WARN_NON_LITERAL_NULL_CONVERSION = YES;
				CLANG_WARN_OBJC_IMPLICIT_RETAIN_SELF = YES;
				CLANG_WARN_OBJC_LITERAL_CONVERSION = YES;
				CLANG_WARN_OBJC_ROOT_CLASS = YES_ERROR;
				CLANG_WARN_QUOTED_INCLUDE_IN_FRAMEWORK_HEADER = YES;
				CLANG_WARN_RANGE_LOOP_ANALYSIS = YES;
				CLANG_WARN_STRICT_PROTOTYPES = YES;
				CLANG_WARN_SUSPICIOUS_MOVE = YES;
				CLANG_WARN_UNGUARDED_AVAILABILITY = YES_AGGRESSIVE;
				CLANG_WARN_UNREACHABLE_CODE = YES;
				CLANG_WARN__DUPLICATE_METHOD_MATCH = YES;
				COPY_PHASE_STRIP = NO;
				DEBUG_INFORMATION_FORMAT = "dwarf-with-dsym";
				ENABLE_NS_ASSERTIONS = NO;
				ENABLE_STRICT_OBJC_MSGSEND = YES;
				GCC_C_LANGUAGE_STANDARD = gnu11;
				GCC_NO_COMMON_BLOCKS = YES;
				GCC_WARN_64_TO_32_BIT_CONVERSION = YES;
				GCC_WARN_ABOUT_RETURN_TYPE = YES_ERROR;
				GCC_WARN_UNDECLARED_SELECTOR = YES;
				GCC_WARN_UNINITIALIZED_AUTOS = YES_AGGRESSIVE;
				GCC_WARN_UNUSED_FUNCTION = YES;
				GCC_WARN_UNUSED_VARIABLE = YES;
				IPHONEOS_DEPLOYMENT_TARGET = 16.4;
				MTL_ENABLE_DEBUG_INFO = NO;
				MTL_FAST_MATH = YES;
				SDKROOT = iphoneos;
				SWIFT_COMPILATION_MODE = wholemodule;
				SWIFT_OPTIMIZATION_LEVEL = "-O";
				VALIDATE_PRODUCT = YES;
			};
			name = Release;
		};
		C788760B2A18B9AE002282DE /* Debug */ = {
			isa = XCBuildConfiguration;
			buildSettings = {
				ASSETCATALOG_COMPILER_APPICON_NAME = AppIcon;
				ASSETCATALOG_COMPILER_GLOBAL_ACCENT_COLOR_NAME = AccentColor;
				CODE_SIGN_STYLE = Automatic;
				CURRENT_PROJECT_VERSION = 1;
				DEVELOPMENT_TEAM = NG2NLR2Z86;
				GENERATE_INFOPLIST_FILE = YES;
				INFOPLIST_FILE = translatorUIkitClone/Info.plist;
				INFOPLIST_KEY_UIApplicationSupportsIndirectInputEvents = YES;
				INFOPLIST_KEY_UILaunchStoryboardName = LaunchScreen;
				INFOPLIST_KEY_UISupportedInterfaceOrientations_iPad = "UIInterfaceOrientationPortrait UIInterfaceOrientationPortraitUpsideDown UIInterfaceOrientationLandscapeLeft UIInterfaceOrientationLandscapeRight";
				INFOPLIST_KEY_UISupportedInterfaceOrientations_iPhone = "UIInterfaceOrientationPortrait UIInterfaceOrientationLandscapeLeft UIInterfaceOrientationLandscapeRight";
				LD_RUNPATH_SEARCH_PATHS = (
					"$(inherited)",
					"@executable_path/Frameworks",
				);
				MARKETING_VERSION = 1.0;
				PRODUCT_BUNDLE_IDENTIFIER = Sunho.translatorUIkitClone;
				PRODUCT_NAME = "$(TARGET_NAME)";
				SWIFT_EMIT_LOC_STRINGS = YES;
				SWIFT_VERSION = 5.0;
				TARGETED_DEVICE_FAMILY = "1,2";
			};
			name = Debug;
		};
		C788760C2A18B9AE002282DE /* Release */ = {
			isa = XCBuildConfiguration;
			buildSettings = {
				ASSETCATALOG_COMPILER_APPICON_NAME = AppIcon;
				ASSETCATALOG_COMPILER_GLOBAL_ACCENT_COLOR_NAME = AccentColor;
				CODE_SIGN_STYLE = Automatic;
				CURRENT_PROJECT_VERSION = 1;
				DEVELOPMENT_TEAM = NG2NLR2Z86;
				GENERATE_INFOPLIST_FILE = YES;
				INFOPLIST_FILE = translatorUIkitClone/Info.plist;
				INFOPLIST_KEY_UIApplicationSupportsIndirectInputEvents = YES;
				INFOPLIST_KEY_UILaunchStoryboardName = LaunchScreen;
				INFOPLIST_KEY_UISupportedInterfaceOrientations_iPad = "UIInterfaceOrientationPortrait UIInterfaceOrientationPortraitUpsideDown UIInterfaceOrientationLandscapeLeft UIInterfaceOrientationLandscapeRight";
				INFOPLIST_KEY_UISupportedInterfaceOrientations_iPhone = "UIInterfaceOrientationPortrait UIInterfaceOrientationLandscapeLeft UIInterfaceOrientationLandscapeRight";
				LD_RUNPATH_SEARCH_PATHS = (
					"$(inherited)",
					"@executable_path/Frameworks",
				);
				MARKETING_VERSION = 1.0;
				PRODUCT_BUNDLE_IDENTIFIER = Sunho.translatorUIkitClone;
				PRODUCT_NAME = "$(TARGET_NAME)";
				SWIFT_EMIT_LOC_STRINGS = YES;
				SWIFT_VERSION = 5.0;
				TARGETED_DEVICE_FAMILY = "1,2";
			};
			name = Release;
		};
/* End XCBuildConfiguration section */

/* Begin XCConfigurationList section */
		C78875F12A18B9AD002282DE /* Build configuration list for PBXProject "translatorUIkitClone" */ = {
			isa = XCConfigurationList;
			buildConfigurations = (
				C78876082A18B9AE002282DE /* Debug */,
				C78876092A18B9AE002282DE /* Release */,
			);
			defaultConfigurationIsVisible = 0;
			defaultConfigurationName = Release;
		};
		C788760A2A18B9AE002282DE /* Build configuration list for PBXNativeTarget "translatorUIkitClone" */ = {
			isa = XCConfigurationList;
			buildConfigurations = (
				C788760B2A18B9AE002282DE /* Debug */,
				C788760C2A18B9AE002282DE /* Release */,
			);
			defaultConfigurationIsVisible = 0;
			defaultConfigurationName = Release;
		};
/* End XCConfigurationList section */

/* Begin XCRemoteSwiftPackageReference section */
		C788760D2A18C3BC002282DE /* XCRemoteSwiftPackageReference "SnapKit" */ = {
			isa = XCRemoteSwiftPackageReference;
			repositoryURL = "https://github.com/SnapKit/SnapKit.git";
			requirement = {
				kind = upToNextMajorVersion;
				minimumVersion = 5.0.0;
			};
		};
		C78876102A18C3DA002282DE /* XCRemoteSwiftPackageReference "Alamofire" */ = {
			isa = XCRemoteSwiftPackageReference;
			repositoryURL = "https://github.com/Alamofire/Alamofire.git";
			requirement = {
				kind = upToNextMajorVersion;
				minimumVersion = 5.0.0;
			};
		};
/* End XCRemoteSwiftPackageReference section */

/* Begin XCSwiftPackageProductDependency section */
		C788760E2A18C3BC002282DE /* SnapKit */ = {
			isa = XCSwiftPackageProductDependency;
			package = C788760D2A18C3BC002282DE /* XCRemoteSwiftPackageReference "SnapKit" */;
			productName = SnapKit;
		};
		C78876112A18C3DA002282DE /* Alamofire */ = {
			isa = XCSwiftPackageProductDependency;
			package = C78876102A18C3DA002282DE /* XCRemoteSwiftPackageReference "Alamofire" */;
			productName = Alamofire;
		};
/* End XCSwiftPackageProductDependency section */
	};
	rootObject = C78875EE2A18B9AD002282DE /* Project object */;
}
